
Microsoft Visual Studio Solution File, Format Version 11.00
# Visual Studio 2010
Project("{FAE04EC0-301F-11D3-BF4B-00C04F79EFBC}") = "FileManagementSystem", "FileManagementSystem\FileManagementSystem.csproj", "{0315C2EF-2F8E-4E0B-B1CC-8E687CB8B9AA}"
EndProject
Project("{E24C65DC-7377-472B-9ABA-BC803B73C61A}") = "PublishApplication", "PublishApplication\", "{63C82549-7F0C-49CB-B47F-D795DA6A3D34}"
	ProjectSection(WebsiteProperties) = preProject
		TargetFrameworkMoniker = ".NETFramework,Version%3Dv4.0"
		Debug.AspNetCompiler.VirtualPath = "/PublishApplication"
		Debug.AspNetCompiler.PhysicalPath = "PublishApplication\"
		Debug.AspNetCompiler.TargetPath = "PrecompiledWeb\PublishApplication\"
		Debug.AspNetCompiler.Updateable = "true"
		Debug.AspNetCompiler.ForceOverwrite = "true"
		Debug.AspNetCompiler.FixedNames = "false"
		Debug.AspNetCompiler.Debug = "True"
		Release.AspNetCompiler.VirtualPath = "/PublishApplication"
		Release.AspNetCompiler.PhysicalPath = "PublishApplication\"
		Release.AspNetCompiler.TargetPath = "PrecompiledWeb\PublishApplication\"
		Release.AspNetCompiler.Updateable = "true"
		Release.AspNetCompiler.ForceOverwrite = "true"
		Release.AspNetCompiler.FixedNames = "false"
		Release.AspNetCompiler.Debug = "False"
		VWDPort = "9302"
		DefaultWebSiteLanguage = "Visual C#"
	EndProjectSection
EndProject
Global
	GlobalSection(SolutionConfigurationPlatforms) = preSolution
		Debug|Any CPU = Debug|Any CPU
		Debug|Mixed Platforms = Debug|Mixed Platforms
		Debug|x86 = Debug|x86
		Release|Any CPU = Release|Any CPU
		Release|Mixed Platforms = Release|Mixed Platforms
		Release|x86 = Release|x86
	EndGlobalSection
	GlobalSection(ProjectConfigurationPlatforms) = postSolution
		{0315C2EF-2F8E-4E0B-B1CC-8E687CB8B9AA}.Debug|Any CPU.ActiveCfg = Debug|x86
		{0315C2EF-2F8E-4E0B-B1CC-8E687CB8B9AA}.Debug|Mixed Platforms.ActiveCfg = Debug|x86
		{0315C2EF-2F8E-4E0B-B1CC-8E687CB8B9AA}.Debug|Mixed Platforms.Build.0 = Debug|x86
		{0315C2EF-2F8E-4E0B-B1CC-8E687CB8B9AA}.Debug|x86.ActiveCfg = Debug|x86
		{0315C2EF-2F8E-4E0B-B1CC-8E687CB8B9AA}.Debug|x86.Build.0 = Debug|x86
		{0315C2EF-2F8E-4E0B-B1CC-8E687CB8B9AA}.Release|Any CPU.ActiveCfg = Release|x86
		{0315C2EF-2F8E-4E0B-B1CC-8E687CB8B9AA}.Release|Mixed Platforms.ActiveCfg = Release|x86
		{0315C2EF-2F8E-4E0B-B1CC-8E687CB8B9AA}.Release|Mixed Platforms.Build.0 = Release|x86
		{0315C2EF-2F8E-4E0B-B1CC-8E687CB8B9AA}.Release|x86.ActiveCfg = Release|x86
		{0315C2EF-2F8E-4E0B-B1CC-8E687CB8B9AA}.Release|x86.Build.0 = Release|x86
		{63C82549-7F0C-49CB-B47F-D795DA6A3D34}.Debug|Any CPU.ActiveCfg = Debug|Any CPU
		{63C82549-7F0C-49CB-B47F-D795DA6A3D34}.Debug|Any CPU.Build.0 = Debug|Any CPU
		{63C82549-7F0C-49CB-B47F-D795DA6A3D34}.Debug|Mixed Platforms.ActiveCfg = Debug|Any CPU
		{63C82549-7F0C-49CB-B47F-D795DA6A3D34}.Debug|Mixed Platforms.Build.0 = Debug|Any CPU
		{63C82549-7F0C-49CB-B47F-D795DA6A3D34}.Debug|x86.ActiveCfg = Debug|Any CPU
		{63C82549-7F0C-49CB-B47F-D795DA6A3D34}.Release|Any CPU.ActiveCfg = Debug|Any CPU
		{63C82549-7F0C-49CB-B47F-D795DA6A3D34}.Release|Any CPU.Build.0 = Debug|Any CPU
		{63C82549-7F0C-49CB-B47F-D795DA6A3D34}.Release|Mixed Platforms.ActiveCfg = Debug|Any CPU
		{63C82549-7F0C-49CB-B47F-D795DA6A3D34}.Release|Mixed Platforms.Build.0 = Debug|Any CPU
		{63C82549-7F0C-49CB-B47F-D795DA6A3D34}.Release|x86.ActiveCfg = Debug|Any CPU
	EndGlobalSection
	GlobalSection(SolutionProperties) = preSolution
		HideSolutionNode = FALSE
	EndGlobalSection
EndGlobal
